{
  "requires": true,
  "lockfileVersion": 1,
  "dependencies": {
    "monaco-editor": {
      "version": "0.25.0",
      "resolved": "https://registry.npmjs.org/monaco-editor/-/monaco-editor-0.25.0.tgz",
      "integrity": "sha512-Lzk9CGIvFXly1J0s5t8SXk1+UleahGqcoHnSoPe2OBSrKhWLbR7Nvk2QQwaEzJQi4Wtbu5gou2qat1CAbvB82A=="
    }
  }
}
